
Microsoft Visual Studio Solution File, Format Version 12.00
# Visual Studio 15
VisualStudioVersion = 15.0.28307.1022
MinimumVisualStudioVersion = 10.0.40219.1
Project("{FAE04EC0-301F-11D3-BF4B-00C04F79EFBC}") = "Homework1_1", "Homework1_1\Homework1_1.csproj", "{D3582E97-37D8-4DB4-938E-9B435C3A8F4B}"
EndProject
Project("{FAE04EC0-301F-11D3-BF4B-00C04F79EFBC}") = "Homework1_2", "Homework1_2\Homework1_2.csproj", "{15B021D4-4C71-4F8C-A235-842EA260576C}"
EndProject
Global
	GlobalSection(SolutionConfigurationPlatforms) = preSolution
		Debug|Any CPU = Debug|Any CPU
		Release|Any CPU = Release|Any CPU
	EndGlobalSection
	GlobalSection(ProjectConfigurationPlatforms) = postSolution
		{D3582E97-37D8-4DB4-938E-9B435C3A8F4B}.Debug|Any CPU.ActiveCfg = Debug|Any CPU
		{D3582E97-37D8-4DB4-938E-9B435C3A8F4B}.Debug|Any CPU.Build.0 = Debug|Any CPU
		{D3582E97-37D8-4DB4-938E-9B435C3A8F4B}.Release|Any CPU.ActiveCfg = Release|Any CPU
		{D3582E97-37D8-4DB4-938E-9B435C3A8F4B}.Release|Any CPU.Build.0 = Release|Any CPU
		{15B021D4-4C71-4F8C-A235-842EA260576C}.Debug|Any CPU.ActiveCfg = Debug|Any CPU
		{15B021D4-4C71-4F8C-A235-842EA260576C}.Debug|Any CPU.Build.0 = Debug|Any CPU
		{15B021D4-4C71-4F8C-A235-842EA260576C}.Release|Any CPU.ActiveCfg = Release|Any CPU
		{15B021D4-4C71-4F8C-A235-842EA260576C}.Release|Any CPU.Build.0 = Release|Any CPU
	EndGlobalSection
	GlobalSection(SolutionProperties) = preSolution
		HideSolutionNode = FALSE
	EndGlobalSection
	GlobalSection(ExtensibilityGlobals) = postSolution
		SolutionGuid = {50559D3F-A829-4C9D-AFB0-F6DECA27169A}
	EndGlobalSection
EndGlobal
