
Microsoft Visual Studio Solution File, Format Version 12.00
# Visual Studio 15
VisualStudioVersion = 15.0.28307.1022
MinimumVisualStudioVersion = 10.0.40219.1
Project("{FAE04EC0-301F-11D3-BF4B-00C04F79EFBC}") = "Homework6", "Homework6\Homework6.csproj", "{2D1A9394-9CC8-4FC2-B4C0-1180FB05A616}"
EndProject
Project("{FAE04EC0-301F-11D3-BF4B-00C04F79EFBC}") = "Homework6Tests", "Homework6Tests\Homework6Tests.csproj", "{6BB6A2EF-0CBF-4B8F-98A7-4FD314BCC74D}"
EndProject
Global
	GlobalSection(SolutionConfigurationPlatforms) = preSolution
		Debug|Any CPU = Debug|Any CPU
		Release|Any CPU = Release|Any CPU
	EndGlobalSection
	GlobalSection(ProjectConfigurationPlatforms) = postSolution
		{2D1A9394-9CC8-4FC2-B4C0-1180FB05A616}.Debug|Any CPU.ActiveCfg = Debug|Any CPU
		{2D1A9394-9CC8-4FC2-B4C0-1180FB05A616}.Debug|Any CPU.Build.0 = Debug|Any CPU
		{2D1A9394-9CC8-4FC2-B4C0-1180FB05A616}.Release|Any CPU.ActiveCfg = Release|Any CPU
		{2D1A9394-9CC8-4FC2-B4C0-1180FB05A616}.Release|Any CPU.Build.0 = Release|Any CPU
		{6BB6A2EF-0CBF-4B8F-98A7-4FD314BCC74D}.Debug|Any CPU.ActiveCfg = Debug|Any CPU
		{6BB6A2EF-0CBF-4B8F-98A7-4FD314BCC74D}.Debug|Any CPU.Build.0 = Debug|Any CPU
		{6BB6A2EF-0CBF-4B8F-98A7-4FD314BCC74D}.Release|Any CPU.ActiveCfg = Release|Any CPU
		{6BB6A2EF-0CBF-4B8F-98A7-4FD314BCC74D}.Release|Any CPU.Build.0 = Release|Any CPU
	EndGlobalSection
	GlobalSection(SolutionProperties) = preSolution
		HideSolutionNode = FALSE
	EndGlobalSection
	GlobalSection(ExtensibilityGlobals) = postSolution
		SolutionGuid = {690D33BA-1E66-447D-9555-62926E52281B}
	EndGlobalSection
EndGlobal
